<Solution>
  <Project Path="Kybernetik.Animancer.csproj" />
  <Project Path="Kybernetik.Animancer.Editor.csproj" />
  <Project Path="_Main.MobBattleSys.csproj" />
  <Project Path="_Main.InitGameSys.csproj" />
  <Project Path="_Main.ChallengeSys.csproj" />
  <Project Path="_Main.MobSys.csproj" />
  <Project Path="_Main.CalculatorSys.csproj" />
  <Project Path="_Main.PlayerSys.csproj" />
  <Project Path="Assembly-CSharp-firstpass.csproj" />
  <Project Path="_Main.UniqueItemSys.csproj" />
  <Project Path="_Main.GameSceneSys.csproj" />
  <Project Path="Kybernetik.Animancer.FSM.csproj" />
  <Project Path="_Main.ToolKit.csproj" />
  <Project Path="Tests.csproj" />
  <Project Path="Assembly-CSharp-Editor.csproj" />
  <Project Path="Sirenix.OdinInspector.Modules.Unity.Addressables.csproj" />
  <Project Path="_Main.MapSys.csproj" />
  <Project Path="Assembly-CSharp-Editor-firstpass.csproj" />
  <Project Path="Assembly-CSharp.csproj" />
  <Project Path="_Main.StateSys.csproj" />
  <Project Path="_Main.UtilityFeature.csproj" />
  <Project Path="_Main.ServiceLocatorSys.csproj" />
  <Project Path="_Main.AddressableSys.csproj" />
  <Project Path="Sirenix.OdinInspector.Modules.UnityMathematics.csproj" />
  <Project Path="_Main.ResourceSys.csproj" />
  <Project Path="_Main.SceneSys.csproj" />
  <Project Path="EventSys.Interface.csproj" />
</Solution>
